
Microsoft Visual Studio Solution File, Format Version 12.00
# Visual Studio Version 17
VisualStudioVersion = 17.11.35222.181
MinimumVisualStudioVersion = 10.0.40219.1
Project("{9A19103F-16F7-4668-BE54-9A1E7A4F7556}") = "Game2048", "Game2048\Game2048.csproj", "{67F208E6-3DAB-4D9E-BB81-F664D594049A}"
EndProject
Project("{54435603-DBB4-11D2-8724-00A0C9A8B90C}") = "Setup1", "Setup1\Setup1.vdproj", "{4252D255-765A-4C68-9765-30AB8B7C65AB}"
EndProject
Project("{FAE04EC0-301F-11D3-BF4B-00C04F79EFBC}") = "TestProject1", "TestProject1\TestProject1.csproj", "{CDA9BCE8-CFF8-49DF-8571-AA5395AA95D1}"
EndProject
Global
	GlobalSection(SolutionConfigurationPlatforms) = preSolution
		Debug|Any CPU = Debug|Any CPU
		Release|Any CPU = Release|Any CPU
	EndGlobalSection
	GlobalSection(ProjectConfigurationPlatforms) = postSolution
		{67F208E6-3DAB-4D9E-BB81-F664D594049A}.Debug|Any CPU.ActiveCfg = Debug|Any CPU
		{67F208E6-3DAB-4D9E-BB81-F664D594049A}.Debug|Any CPU.Build.0 = Debug|Any CPU
		{67F208E6-3DAB-4D9E-BB81-F664D594049A}.Release|Any CPU.ActiveCfg = Release|Any CPU
		{67F208E6-3DAB-4D9E-BB81-F664D594049A}.Release|Any CPU.Build.0 = Release|Any CPU
		{4252D255-765A-4C68-9765-30AB8B7C65AB}.Debug|Any CPU.ActiveCfg = Debug
		{4252D255-765A-4C68-9765-30AB8B7C65AB}.Release|Any CPU.ActiveCfg = Release
		{CDA9BCE8-CFF8-49DF-8571-AA5395AA95D1}.Debug|Any CPU.ActiveCfg = Debug|Any CPU
		{CDA9BCE8-CFF8-49DF-8571-AA5395AA95D1}.Debug|Any CPU.Build.0 = Debug|Any CPU
		{CDA9BCE8-CFF8-49DF-8571-AA5395AA95D1}.Release|Any CPU.ActiveCfg = Release|Any CPU
		{CDA9BCE8-CFF8-49DF-8571-AA5395AA95D1}.Release|Any CPU.Build.0 = Release|Any CPU
	EndGlobalSection
	GlobalSection(SolutionProperties) = preSolution
		HideSolutionNode = FALSE
	EndGlobalSection
	GlobalSection(ExtensibilityGlobals) = postSolution
		SolutionGuid = {C0DAE053-21D4-4660-AE39-5369DEDAD4BB}
	EndGlobalSection
EndGlobal
